lockfileVersion: '9.0'

settings:
  autoInstallPeers: true
  excludeLinksFromLockfile: false

importers:

  .:
    dependencies:
      webextension-polyfill:
        specifier: ^0.12.0
        version: 0.12.0
    devDependencies:
      '@types/firefox-webext-browser':
        specifier: ^143.0.0
        version: 143.0.0
      '@types/webextension-polyfill':
        specifier: ^0.12.4
        version: 0.12.4
      typescript:
        specifier: ^5.5.3
        version: 5.9.3

packages:

  '@types/firefox-webext-browser@143.0.0':
    resolution: {integrity: sha512-865dYKMOP0CllFyHmgXV4IQgVL51OSQQCwSoihQ17EwugePKFSAZRc0EI+y7Ly4q7j5KyURlA7LgRpFieO4JOw==}

  '@types/webextension-polyfill@0.12.4':
    resolution: {integrity: sha512-wK8YdSI0pDiaehSLDIvtvonYmLwUUivg4Z6JCJO8rkyssMAG82cFJgwPK/V7NO61mJBLg/tXeoXQL8AFzpXZmQ==}

  typescript@5.9.3:
    resolution: {integrity: sha512-jl1vZzPDinLr9eUt3J/t7V6FgNEw9QjvBPdysz9KfQDD41fQrC2Y4vKQdiaUpFT4bXlb1RHhLpp8wtm6M5TgSw==}
    engines: {node: '>=14.17'}
    hasBin: true

  webextension-polyfill@0.12.0:
    resolution: {integrity: sha512-97TBmpoWJEE+3nFBQ4VocyCdLKfw54rFaJ6EVQYLBCXqCIpLSZkwGgASpv4oPt9gdKCJ80RJlcmNzNn008Ag6Q==}

snapshots:

  '@types/firefox-webext-browser@143.0.0': {}

  '@types/webextension-polyfill@0.12.4': {}

  typescript@5.9.3: {}

  webextension-polyfill@0.12.0: {}
